// !$*UTF8*$!
{
	archiveVersion = 1;
	classes = {
	};
	objectVersion = 56;
	objects = {

/* Begin PBXBuildFile section */
		5CB6FF0E29957B090081187B /* AppDelegate.swift in Sources */ = {isa = PBXBuildFile; fileRef = 5CB6FF0D29957B090081187B /* AppDelegate.swift */; };
		5CB6FF1029957B090081187B /* SceneDelegate.swift in Sources */ = {isa = PBXBuildFile; fileRef = 5CB6FF0F29957B090081187B /* SceneDelegate.swift */; };
		5CB6FF1229957B090081187B /* HomeViewController.swift in Sources */ = {isa = PBXBuildFile; fileRef = 5CB6FF1129957B090081187B /* HomeViewController.swift */; };
		5CB6FF1529957B090081187B /* Main.storyboard in Resources */ = {isa = PBXBuildFile; fileRef = 5CB6FF1329957B090081187B /* Main.storyboard */; };
		5CB6FF1729957B0A0081187B /* Assets.xcassets in Resources */ = {isa = PBXBuildFile; fileRef = 5CB6FF1629957B0A0081187B /* Assets.xcassets */; };
		5CB6FF1A29957B0A0081187B /* LaunchScreen.storyboard in Resources */ = {isa = PBXBuildFile; fileRef = 5CB6FF1829957B0A0081187B /* LaunchScreen.storyboard */; };
		5CB6FF2229957B500081187B /* GalleryModel.swift in Sources */ = {isa = PBXBuildFile; fileRef = 5CB6FF2129957B500081187B /* GalleryModel.swift */; };
		5CB6FF2429957BD00081187B /* NetworkManager.swift in Sources */ = {isa = PBXBuildFile; fileRef = 5CB6FF2329957BD00081187B /* NetworkManager.swift */; };
		5CB6FF2629957DE00081187B /* GalleryViewModel.swift in Sources */ = {isa = PBXBuildFile; fileRef = 5CB6FF2529957DE00081187B /* GalleryViewModel.swift */; };
		5CB6FF2829957EAD0081187B /* Constants.swift in Sources */ = {isa = PBXBuildFile; fileRef = 5CB6FF2729957EAD0081187B /* Constants.swift */; };
		5CB6FF2A2995811B0081187B /* CustomGalleryTableViewCell.swift in Sources */ = {isa = PBXBuildFile; fileRef = 5CB6FF292995811B0081187B /* CustomGalleryTableViewCell.swift */; };
		5CB6FF2C299588390081187B /* DetailsViewController.swift in Sources */ = {isa = PBXBuildFile; fileRef = 5CB6FF2B299588390081187B /* DetailsViewController.swift */; };
		5CB6FF2E29958C4B0081187B /* GalleryCollectionViewController.swift in Sources */ = {isa = PBXBuildFile; fileRef = 5CB6FF2D29958C4B0081187B /* GalleryCollectionViewController.swift */; };
		5CB6FF3029958CAC0081187B /* CustomGalleryCollectionViewCell.swift in Sources */ = {isa = PBXBuildFile; fileRef = 5CB6FF2F29958CAC0081187B /* CustomGalleryCollectionViewCell.swift */; };
/* End PBXBuildFile section */

/* Begin PBXFileReference section */
		5CB6FF0A29957B090081187B /* GalleryApplication.app */ = {isa = PBXFileReference; explicitFileType = wrapper.application; includeInIndex = 0; path = GalleryApplication.app; sourceTree = BUILT_PRODUCTS_DIR; };
		5CB6FF0D29957B090081187B /* AppDelegate.swift */ = {isa = PBXFileReference; lastKnownFileType = sourcecode.swift; path = AppDelegate.swift; sourceTree = "<group>"; };
		5CB6FF0F29957B090081187B /* SceneDelegate.swift */ = {isa = PBXFileReference; lastKnownFileType = sourcecode.swift; path = SceneDelegate.swift; sourceTree = "<group>"; };
		5CB6FF1129957B090081187B /* HomeViewController.swift */ = {isa = PBXFileReference; lastKnownFileType = sourcecode.swift; path = HomeViewController.swift; sourceTree = "<group>"; };
		5CB6FF1429957B090081187B /* Base */ = {isa = PBXFileReference; lastKnownFileType = file.storyboard; name = Base; path = Base.lproj/Main.storyboard; sourceTree = "<group>"; };
		5CB6FF1629957B0A0081187B /* Assets.xcassets */ = {isa = PBXFileReference; lastKnownFileType = folder.assetcatalog; path = Assets.xcassets; sourceTree = "<group>"; };
		5CB6FF1929957B0A0081187B /* Base */ = {isa = PBXFileReference; lastKnownFileType = file.storyboard; name = Base; path = Base.lproj/LaunchScreen.storyboard; sourceTree = "<group>"; };
		5CB6FF1B29957B0A0081187B /* Info.plist */ = {isa = PBXFileReference; lastKnownFileType = text.plist.xml; path = Info.plist; sourceTree = "<group>"; };
		5CB6FF2129957B500081187B /* GalleryModel.swift */ = {isa = PBXFileReference; lastKnownFileType = sourcecode.swift; path = GalleryModel.swift; sourceTree = "<group>"; };
		5CB6FF2329957BD00081187B /* NetworkManager.swift */ = {isa = PBXFileReference; lastKnownFileType = sourcecode.swift; path = NetworkManager.swift; sourceTree = "<group>"; };
		5CB6FF2529957DE00081187B /* GalleryViewModel.swift */ = {isa = PBXFileReference; lastKnownFileType = sourcecode.swift; path = GalleryViewModel.swift; sourceTree = "<group>"; };
		5CB6FF2729957EAD0081187B /* Constants.swift */ = {isa = PBXFileReference; lastKnownFileType = sourcecode.swift; path = Constants.swift; sourceTree = "<group>"; };
		5CB6FF292995811B0081187B /* CustomGalleryTableViewCell.swift */ = {isa = PBXFileReference; lastKnownFileType = sourcecode.swift; path = CustomGalleryTableViewCell.swift; sourceTree = "<group>"; };
		5CB6FF2B299588390081187B /* DetailsViewController.swift */ = {isa = PBXFileReference; lastKnownFileType = sourcecode.swift; path = DetailsViewController.swift; sourceTree = "<group>"; };
		5CB6FF2D29958C4B0081187B /* GalleryCollectionViewController.swift */ = {isa = PBXFileReference; lastKnownFileType = sourcecode.swift; path = GalleryCollectionViewController.swift; sourceTree = "<group>"; };
		5CB6FF2F29958CAC0081187B /* CustomGalleryCollectionViewCell.swift */ = {isa = PBXFileReference; lastKnownFileType = sourcecode.swift; path = CustomGalleryCollectionViewCell.swift; sourceTree = "<group>"; };
/* End PBXFileReference section */

/* Begin PBXFrameworksBuildPhase section */
		5CB6FF0729957B090081187B /* Frameworks */ = {
			isa = PBXFrameworksBuildPhase;
			buildActionMask = 2147483647;
			files = (
			);
			runOnlyForDeploymentPostprocessing = 0;
		};
/* End PBXFrameworksBuildPhase section */

/* Begin PBXGroup section */
		5CB6FF0129957B090081187B = {
			isa = PBXGroup;
			children = (
				5CB6FF0C29957B090081187B /* GalleryApplication */,
				5CB6FF0B29957B090081187B /* Products */,
			);
			sourceTree = "<group>";
		};
		5CB6FF0B29957B090081187B /* Products */ = {
			isa = PBXGroup;
			children = (
				5CB6FF0A29957B090081187B /* GalleryApplication.app */,
			);
			name = Products;
			sourceTree = "<group>";
		};
		5CB6FF0C29957B090081187B /* GalleryApplication */ = {
			isa = PBXGroup;
			children = (
				5CB6FF0D29957B090081187B /* AppDelegate.swift */,
				5CB6FF2529957DE00081187B /* GalleryViewModel.swift */,
				5CB6FF2729957EAD0081187B /* Constants.swift */,
				5CB6FF2329957BD00081187B /* NetworkManager.swift */,
				5CB6FF0F29957B090081187B /* SceneDelegate.swift */,
				5CB6FF1129957B090081187B /* HomeViewController.swift */,
				5CB6FF2B299588390081187B /* DetailsViewController.swift */,
				5CB6FF292995811B0081187B /* CustomGalleryTableViewCell.swift */,
				5CB6FF2D29958C4B0081187B /* GalleryCollectionViewController.swift */,
				5CB6FF2F29958CAC0081187B /* CustomGalleryCollectionViewCell.swift */,
				5CB6FF2129957B500081187B /* GalleryModel.swift */,
				5CB6FF1329957B090081187B /* Main.storyboard */,
				5CB6FF1629957B0A0081187B /* Assets.xcassets */,
				5CB6FF1829957B0A0081187B /* LaunchScreen.storyboard */,
				5CB6FF1B29957B0A0081187B /* Info.plist */,
			);
			path = GalleryApplication;
			sourceTree = "<group>";
		};
/* End PBXGroup section */

/* Begin PBXNativeTarget section */
		5CB6FF0929957B090081187B /* GalleryApplication */ = {
			isa = PBXNativeTarget;
			buildConfigurationList = 5CB6FF1E29957B0A0081187B /* Build configuration list for PBXNativeTarget "GalleryApplication" */;
			buildPhases = (
				5CB6FF0629957B090081187B /* Sources */,
				5CB6FF0729957B090081187B /* Frameworks */,
				5CB6FF0829957B090081187B /* Resources */,
			);
			buildRules = (
			);
			dependencies = (
			);
			name = GalleryApplication;
			productName = GalleryApplication;
			productReference = 5CB6FF0A29957B090081187B /* GalleryApplication.app */;
			productType = "com.apple.product-type.application";
		};
/* End PBXNativeTarget section */

/* Begin PBXProject section */
		5CB6FF0229957B090081187B /* Project object */ = {
			isa = PBXProject;
			attributes = {
				BuildIndependentTargetsInParallel = 1;
				LastSwiftUpdateCheck = 1420;
				LastUpgradeCheck = 1420;
				TargetAttributes = {
					5CB6FF0929957B090081187B = {
						CreatedOnToolsVersion = 14.2;
					};
				};
			};
			buildConfigurationList = 5CB6FF0529957B090081187B /* Build configuration list for PBXProject "GalleryApplication" */;
			compatibilityVersion = "Xcode 14.0";
			developmentRegion = en;
			hasScannedForEncodings = 0;
			knownRegions = (
				en,
				Base,
			);
			mainGroup = 5CB6FF0129957B090081187B;
			productRefGroup = 5CB6FF0B29957B090081187B /* Products */;
			projectDirPath = "";
			projectRoot = "";
			targets = (
				5CB6FF0929957B090081187B /* GalleryApplication */,
			);
		};
/* End PBXProject section */

/* Begin PBXResourcesBuildPhase section */
		5CB6FF0829957B090081187B /* Resources */ = {
			isa = PBXResourcesBuildPhase;
			buildActionMask = 2147483647;
			files = (
				5CB6FF1A29957B0A0081187B /* LaunchScreen.storyboard in Resources */,
				5CB6FF1729957B0A0081187B /* Assets.xcassets in Resources */,
				5CB6FF1529957B090081187B /* Main.storyboard in Resources */,
			);
			runOnlyForDeploymentPostprocessing = 0;
		};
/* End PBXResourcesBuildPhase section */

/* Begin PBXSourcesBuildPhase section */
		5CB6FF0629957B090081187B /* Sources */ = {
			isa = PBXSourcesBuildPhase;
			buildActionMask = 2147483647;
			files = (
				5CB6FF1229957B090081187B /* HomeViewController.swift in Sources */,
				5CB6FF2629957DE00081187B /* GalleryViewModel.swift in Sources */,
				5CB6FF2C299588390081187B /* DetailsViewController.swift in Sources */,
				5CB6FF2A2995811B0081187B /* CustomGalleryTableViewCell.swift in Sources */,
				5CB6FF0E29957B090081187B /* AppDelegate.swift in Sources */,
				5CB6FF2E29958C4B0081187B /* GalleryCollectionViewController.swift in Sources */,
				5CB6FF2429957BD00081187B /* NetworkManager.swift in Sources */,
				5CB6FF3029958CAC0081187B /* CustomGalleryCollectionViewCell.swift in Sources */,
				5CB6FF2829957EAD0081187B /* Constants.swift in Sources */,
				5CB6FF2229957B500081187B /* GalleryModel.swift in Sources */,
				5CB6FF1029957B090081187B /* SceneDelegate.swift in Sources */,
			);
			runOnlyForDeploymentPostprocessing = 0;
		};
/* End PBXSourcesBuildPhase section */

/* Begin PBXVariantGroup section */
		5CB6FF1329957B090081187B /* Main.storyboard */ = {
			isa = PBXVariantGroup;
			children = (
				5CB6FF1429957B090081187B /* Base */,
			);
			name = Main.storyboard;
			sourceTree = "<group>";
		};
		5CB6FF1829957B0A0081187B /* LaunchScreen.storyboard */ = {
			isa = PBXVariantGroup;
			children = (
				5CB6FF1929957B0A0081187B /* Base */,
			);
			name = LaunchScreen.storyboard;
			sourceTree = "<group>";
		};
/* End PBXVariantGroup section */

/* Begin XCBuildConfiguration section */
		5CB6FF1C29957B0A0081187B /* Debug */ = {
			isa = XCBuildConfiguration;
			buildSettings = {
				ALWAYS_SEARCH_USER_PATHS = NO;
				CLANG_ANALYZER_NONNULL = YES;
				CLANG_ANALYZER_NUMBER_OBJECT_CONVERSION = YES_AGGRESSIVE;
				CLANG_CXX_LANGUAGE_STANDARD = "gnu++20";
				CLANG_ENABLE_MODULES = YES;
				CLANG_ENABLE_OBJC_ARC = YES;
				CLANG_ENABLE_OBJC_WEAK = YES;
				CLANG_WARN_BLOCK_CAPTURE_AUTORELEASING = YES;
				CLANG_WARN_BOOL_CONVERSION = YES;
				CLANG_WARN_COMMA = YES;
				CLANG_WARN_CONSTANT_CONVERSION = YES;
				CLANG_WARN_DEPRECATED_OBJC_IMPLEMENTATIONS = YES;
				CLANG_WARN_DIRECT_OBJC_ISA_USAGE = YES_ERROR;
				CLANG_WARN_DOCUMENTATION_COMMENTS = YES;
				CLANG_WARN_EMPTY_BODY = YES;
				CLANG_WARN_ENUM_CONVERSION = YES;
				CLANG_WARN_INFINITE_RECURSION = YES;
				CLANG_WARN_INT_CONVERSION = YES;
				CLANG_WARN_NON_LITERAL_NULL_CONVERSION = YES;
				CLANG_WARN_OBJC_IMPLICIT_RETAIN_SELF = YES;
				CLANG_WARN_OBJC_LITERAL_CONVERSION = YES;
				CLANG_WARN_OBJC_ROOT_CLASS = YES_ERROR;
				CLANG_WARN_QUOTED_INCLUDE_IN_FRAMEWORK_HEADER = YES;
				CLANG_WARN_RANGE_LOOP_ANALYSIS = YES;
				CLANG_WARN_STRICT_PROTOTYPES = YES;
				CLANG_WARN_SUSPICIOUS_MOVE = YES;
				CLANG_WARN_UNGUARDED_AVAILABILITY = YES_AGGRESSIVE;
				CLANG_WARN_UNREACHABLE_CODE = YES;
				CLANG_WARN__DUPLICATE_METHOD_MATCH = YES;
				COPY_PHASE_STRIP = NO;
				DEBUG_INFORMATION_FORMAT = dwarf;
				ENABLE_STRICT_OBJC_MSGSEND = YES;
				ENABLE_TESTABILITY = YES;
				GCC_C_LANGUAGE_STANDARD = gnu11;
				GCC_DYNAMIC_NO_PIC = NO;
				GCC_NO_COMMON_BLOCKS = YES;
				GCC_OPTIMIZATION_LEVEL = 0;
				GCC_PREPROCESSOR_DEFINITIONS = (
					"DEBUG=1",
					"$(inherited)",
				);
				GCC_WARN_64_TO_32_BIT_CONVERSION = YES;
				GCC_WARN_ABOUT_RETURN_TYPE = YES_ERROR;
				GCC_WARN_UNDECLARED_SELECTOR = YES;
				GCC_WARN_UNINITIALIZED_AUTOS = YES_AGGRESSIVE;
				GCC_WARN_UNUSED_FUNCTION = YES;
				GCC_WARN_UNUSED_VARIABLE = YES;
				IPHONEOS_DEPLOYMENT_TARGET = 16.2;
				MTL_ENABLE_DEBUG_INFO = INCLUDE_SOURCE;
				MTL_FAST_MATH = YES;
				ONLY_ACTIVE_ARCH = YES;
				SDKROOT = iphoneos;
				SWIFT_ACTIVE_COMPILATION_CONDITIONS = DEBUG;
				SWIFT_OPTIMIZATION_LEVEL = "-Onone";
			};
			name = Debug;
		};
		5CB6FF1D29957B0A0081187B /* Release */ = {
			isa = XCBuildConfiguration;
			buildSettings = {
				ALWAYS_SEARCH_USER_PATHS = NO;
				CLANG_ANALYZER_NONNULL = YES;
				CLANG_ANALYZER_NUMBER_OBJECT_CONVERSION = YES_AGGRESSIVE;
				CLANG_CXX_LANGUAGE_STANDARD = "gnu++20";
				CLANG_ENABLE_MODULES = YES;
				CLANG_ENABLE_OBJC_ARC = YES;
				CLANG_ENABLE_OBJC_WEAK = YES;
				CLANG_WARN_BLOCK_CAPTURE_AUTORELEASING = YES;
				CLANG_WARN_BOOL_CONVERSION = YES;
				CLANG_WARN_COMMA = YES;
				CLANG_WARN_CONSTANT_CONVERSION = YES;
				CLANG_WARN_DEPRECATED_OBJC_IMPLEMENTATIONS = YES;
				CLANG_WARN_DIRECT_OBJC_ISA_USAGE = YES_ERROR;
				CLANG_WARN_DOCUMENTATION_COMMENTS = YES;
				CLANG_WARN_EMPTY_BODY = YES;
				CLANG_WARN_ENUM_CONVERSION = YES;
				CLANG_WARN_INFINITE_RECURSION = YES;
				CLANG_WARN_INT_CONVERSION = YES;
				CLANG_WARN_NON_LITERAL_NULL_CONVERSION = YES;
				CLANG_WARN_OBJC_IMPLICIT_RETAIN_SELF = YES;
				CLANG_WARN_OBJC_LITERAL_CONVERSION = YES;
				CLANG_WARN_OBJC_ROOT_CLASS = YES_ERROR;
				CLANG_WARN_QUOTED_INCLUDE_IN_FRAMEWORK_HEADER = YES;
				CLANG_WARN_RANGE_LOOP_ANALYSIS = YES;
				CLANG_WARN_STRICT_PROTOTYPES = YES;
				CLANG_WARN_SUSPICIOUS_MOVE = YES;
				CLANG_WARN_UNGUARDED_AVAILABILITY = YES_AGGRESSIVE;
				CLANG_WARN_UNREACHABLE_CODE = YES;
				CLANG_WARN__DUPLICATE_METHOD_MATCH = YES;
				COPY_PHASE_STRIP = NO;
				DEBUG_INFORMATION_FORMAT = "dwarf-with-dsym";
				ENABLE_NS_ASSERTIONS = NO;
				ENABLE_STRICT_OBJC_MSGSEND = YES;
				GCC_C_LANGUAGE_STANDARD = gnu11;
				GCC_NO_COMMON_BLOCKS = YES;
				GCC_WARN_64_TO_32_BIT_CONVERSION = YES;
				GCC_WARN_ABOUT_RETURN_TYPE = YES_ERROR;
				GCC_WARN_UNDECLARED_SELECTOR = YES;
				GCC_WARN_UNINITIALIZED_AUTOS = YES_AGGRESSIVE;
				GCC_WARN_UNUSED_FUNCTION = YES;
				GCC_WARN_UNUSED_VARIABLE = YES;
				IPHONEOS_DEPLOYMENT_TARGET = 16.2;
				MTL_ENABLE_DEBUG_INFO = NO;
				MTL_FAST_MATH = YES;
				SDKROOT = iphoneos;
				SWIFT_COMPILATION_MODE = wholemodule;
				SWIFT_OPTIMIZATION_LEVEL = "-O";
				VALIDATE_PRODUCT = YES;
			};
			name = Release;
		};
		5CB6FF1F29957B0A0081187B /* Debug */ = {
			isa = XCBuildConfiguration;
			buildSettings = {
				ASSETCATALOG_COMPILER_APPICON_NAME = AppIcon;
				ASSETCATALOG_COMPILER_GLOBAL_ACCENT_COLOR_NAME = AccentColor;
				CODE_SIGN_STYLE = Automatic;
				CURRENT_PROJECT_VERSION = 1;
				DEVELOPMENT_TEAM = 4BKL74V4YU;
				GENERATE_INFOPLIST_FILE = YES;
				INFOPLIST_FILE = GalleryApplication/Info.plist;
				INFOPLIST_KEY_UIApplicationSupportsIndirectInputEvents = YES;
				INFOPLIST_KEY_UILaunchStoryboardName = LaunchScreen;
				INFOPLIST_KEY_UIMainStoryboardFile = Main;
				INFOPLIST_KEY_UISupportedInterfaceOrientations_iPad = "UIInterfaceOrientationPortrait UIInterfaceOrientationPortraitUpsideDown UIInterfaceOrientationLandscapeLeft UIInterfaceOrientationLandscapeRight";
				INFOPLIST_KEY_UISupportedInterfaceOrientations_iPhone = "UIInterfaceOrientationPortrait UIInterfaceOrientationLandscapeLeft UIInterfaceOrientationLandscapeRight";
				LD_RUNPATH_SEARCH_PATHS = (
					"$(inherited)",
					"@executable_path/Frameworks",
				);
				MARKETING_VERSION = 1.0;
				PRODUCT_BUNDLE_IDENTIFIER = SRRSS.Compunnel.GalleryApplication;
				PRODUCT_NAME = "$(TARGET_NAME)";
				SWIFT_EMIT_LOC_STRINGS = YES;
				SWIFT_VERSION = 5.0;
				TARGETED_DEVICE_FAMILY = "1,2";
			};
			name = Debug;
		};
		5CB6FF2029957B0A0081187B /* Release */ = {
			isa = XCBuildConfiguration;
			buildSettings = {
				ASSETCATALOG_COMPILER_APPICON_NAME = AppIcon;
				ASSETCATALOG_COMPILER_GLOBAL_ACCENT_COLOR_NAME = AccentColor;
				CODE_SIGN_STYLE = Automatic;
				CURRENT_PROJECT_VERSION = 1;
				DEVELOPMENT_TEAM = 4BKL74V4YU;
				GENERATE_INFOPLIST_FILE = YES;
				INFOPLIST_FILE = GalleryApplication/Info.plist;
				INFOPLIST_KEY_UIApplicationSupportsIndirectInputEvents = YES;
				INFOPLIST_KEY_UILaunchStoryboardName = LaunchScreen;
				INFOPLIST_KEY_UIMainStoryboardFile = Main;
				INFOPLIST_KEY_UISupportedInterfaceOrientations_iPad = "UIInterfaceOrientationPortrait UIInterfaceOrientationPortraitUpsideDown UIInterfaceOrientationLandscapeLeft UIInterfaceOrientationLandscapeRight";
				INFOPLIST_KEY_UISupportedInterfaceOrientations_iPhone = "UIInterfaceOrientationPortrait UIInterfaceOrientationLandscapeLeft UIInterfaceOrientationLandscapeRight";
				LD_RUNPATH_SEARCH_PATHS = (
					"$(inherited)",
					"@executable_path/Frameworks",
				);
				MARKETING_VERSION = 1.0;
				PRODUCT_BUNDLE_IDENTIFIER = SRRSS.Compunnel.GalleryApplication;
				PRODUCT_NAME = "$(TARGET_NAME)";
				SWIFT_EMIT_LOC_STRINGS = YES;
				SWIFT_VERSION = 5.0;
				TARGETED_DEVICE_FAMILY = "1,2";
			};
			name = Release;
		};
/* End XCBuildConfiguration section */

/* Begin XCConfigurationList section */
		5CB6FF0529957B090081187B /* Build configuration list for PBXProject "GalleryApplication" */ = {
			isa = XCConfigurationList;
			buildConfigurations = (
				5CB6FF1C29957B0A0081187B /* Debug */,
				5CB6FF1D29957B0A0081187B /* Release */,
			);
			defaultConfigurationIsVisible = 0;
			defaultConfigurationName = Release;
		};
		5CB6FF1E29957B0A0081187B /* Build configuration list for PBXNativeTarget "GalleryApplication" */ = {
			isa = XCConfigurationList;
			buildConfigurations = (
				5CB6FF1F29957B0A0081187B /* Debug */,
				5CB6FF2029957B0A0081187B /* Release */,
			);
			defaultConfigurationIsVisible = 0;
			defaultConfigurationName = Release;
		};
/* End XCConfigurationList section */
	};
	rootObject = 5CB6FF0229957B090081187B /* Project object */;
}
